
Microsoft Visual Studio Solution File, Format Version 12.00
# Visual Studio Version 17
VisualStudioVersion = 17.8.34004.107
MinimumVisualStudioVersion = 10.0.40219.1
Project("{8BC9CEB8-8B4A-11D0-8D11-00A0C91BC942}") = "SE_lab16", "SE_lab16\SE_lab16.vcxproj", "{BFF787E4-4D72-44AF-952E-89C5672166AB}"
EndProject
Global
	GlobalSection(SolutionConfigurationPlatforms) = preSolution
		Debug|x64 = Debug|x64
		Debug|x86 = Debug|x86
		Release|x64 = Release|x64
		Release|x86 = Release|x86
	EndGlobalSection
	GlobalSection(ProjectConfigurationPlatforms) = postSolution
		{BFF787E4-4D72-44AF-952E-89C5672166AB}.Debug|x64.ActiveCfg = Debug|x64
		{BFF787E4-4D72-44AF-952E-89C5672166AB}.Debug|x64.Build.0 = Debug|x64
		{BFF787E4-4D72-44AF-952E-89C5672166AB}.Debug|x86.ActiveCfg = Debug|Win32
		{BFF787E4-4D72-44AF-952E-89C5672166AB}.Debug|x86.Build.0 = Debug|Win32
		{BFF787E4-4D72-44AF-952E-89C5672166AB}.Release|x64.ActiveCfg = Release|x64
		{BFF787E4-4D72-44AF-952E-89C5672166AB}.Release|x64.Build.0 = Release|x64
		{BFF787E4-4D72-44AF-952E-89C5672166AB}.Release|x86.ActiveCfg = Release|Win32
		{BFF787E4-4D72-44AF-952E-89C5672166AB}.Release|x86.Build.0 = Release|Win32
	EndGlobalSection
	GlobalSection(SolutionProperties) = preSolution
		HideSolutionNode = FALSE
	EndGlobalSection
	GlobalSection(ExtensibilityGlobals) = postSolution
		SolutionGuid = {4EF7D942-7699-4B38-B76A-456EE7ED830D}
	EndGlobalSection
EndGlobal
